{
  "object": {
    "pins": [
      {
        "package": "Kingfisher",
        "repositoryURL": "https://github.com/onevcat/Kingfisher",
        "state": {
          "branch": null,
          "revision": "44450a8f564d7c0165f736ba2250649ff8d3e556",
          "version": "6.3.0"
        }
      },
      {
        "package": "SwiftRedux",
        "repositoryURL": "https://github.com/lucaslimapoa/SwiftRedux/",
        "state": {
          "branch": null,
          "revision": "e619e2b3adbbd8c3c17f5c21f60999551e7dcc0c",
          "version": "0.1.6"
        }
      }
    ]
  },
  "version": 1
}
