{
  "object": {
    "pins": [
      {
        "package": "SwiftRedux",
        "repositoryURL": "https://github.com/lucaslimapoa/SwiftRedux",
        "state": {
          "branch": null,
          "revision": "86849505c9da2c9851539e3088ee9d944b89d45f",
          "version": "0.1.2"
        }
      }
    ]
  },
  "version": 1
}
