// !$*UTF8*$!
{
	archiveVersion = 1;
	classes = {
	};
	objectVersion = 52;
	objects = {

/* Begin PBXBuildFile section */
		D41242EF26AE1E1B00206D21 /* SwiftRedux in Frameworks */ = {isa = PBXBuildFile; productRef = D41242EE26AE1E1B00206D21 /* SwiftRedux */; };
		D44C288F269B83F60036A0F2 /* MainApp.swift in Sources */ = {isa = PBXBuildFile; fileRef = D44C288E269B83F60036A0F2 /* MainApp.swift */; };
		D44C2891269B83F60036A0F2 /* FeedView.swift in Sources */ = {isa = PBXBuildFile; fileRef = D44C2890269B83F60036A0F2 /* FeedView.swift */; };
		D44C2893269B83F60036A0F2 /* Assets.xcassets in Resources */ = {isa = PBXBuildFile; fileRef = D44C2892269B83F60036A0F2 /* Assets.xcassets */; };
		D44C2896269B83F60036A0F2 /* Preview Assets.xcassets in Resources */ = {isa = PBXBuildFile; fileRef = D44C2895269B83F60036A0F2 /* Preview Assets.xcassets */; };
		D44C28BE269B85720036A0F2 /* MovieService.swift in Sources */ = {isa = PBXBuildFile; fileRef = D44C28BD269B85720036A0F2 /* MovieService.swift */; };
		D44C28C1269B89260036A0F2 /* MediaType.swift in Sources */ = {isa = PBXBuildFile; fileRef = D44C28C0269B89260036A0F2 /* MediaType.swift */; };
		D44C28C5269B89530036A0F2 /* GenreID.swift in Sources */ = {isa = PBXBuildFile; fileRef = D44C28C4269B89530036A0F2 /* GenreID.swift */; };
		D44C28C7269B89600036A0F2 /* Movie.swift in Sources */ = {isa = PBXBuildFile; fileRef = D44C28C6269B89600036A0F2 /* Movie.swift */; };
		D44C28CA269B906F0036A0F2 /* URLBuilder.swift in Sources */ = {isa = PBXBuildFile; fileRef = D44C28C9269B906F0036A0F2 /* URLBuilder.swift */; };
		D44C28CD269B90CE0036A0F2 /* TimeWindow.swift in Sources */ = {isa = PBXBuildFile; fileRef = D44C28CC269B90CE0036A0F2 /* TimeWindow.swift */; };
		D44C28D0269B939B0036A0F2 /* AppState.swift in Sources */ = {isa = PBXBuildFile; fileRef = D44C28CF269B939B0036A0F2 /* AppState.swift */; };
		D44C28D5269B93EA0036A0F2 /* AppReducer.swift in Sources */ = {isa = PBXBuildFile; fileRef = D44C28D4269B93EA0036A0F2 /* AppReducer.swift */; };
		D44C28D7269B94020036A0F2 /* PopularMovies.swift in Sources */ = {isa = PBXBuildFile; fileRef = D44C28D6269B94020036A0F2 /* PopularMovies.swift */; };
		D4D9ECF826A76BFB0084EF2E /* PopularMoviesTests.swift in Sources */ = {isa = PBXBuildFile; fileRef = D4D9ECF726A76BFB0084EF2E /* PopularMoviesTests.swift */; };
		D4D9ED0926A8B98C0084EF2E /* MovieListView.swift in Sources */ = {isa = PBXBuildFile; fileRef = D4D9ED0826A8B98C0084EF2E /* MovieListView.swift */; };
		D4D9ED0B26A8B9F00084EF2E /* FakeMovies.swift in Sources */ = {isa = PBXBuildFile; fileRef = D4D9ED0A26A8B9F00084EF2E /* FakeMovies.swift */; };
		D4D9ED0E26A8BABD0084EF2E /* MovieService+JSONDecoder.swift in Sources */ = {isa = PBXBuildFile; fileRef = D4D9ED0D26A8BABD0084EF2E /* MovieService+JSONDecoder.swift */; };
		D4D9ED1126A8BBD00084EF2E /* Kingfisher in Frameworks */ = {isa = PBXBuildFile; productRef = D4D9ED1026A8BBD00084EF2E /* Kingfisher */; };
		D4D9ED1326A8C2190084EF2E /* DateFormatter+Extensions.swift in Sources */ = {isa = PBXBuildFile; fileRef = D4D9ED1226A8C2190084EF2E /* DateFormatter+Extensions.swift */; };
		D4E3830E26A4EC2E00336CB3 /* PopularMoviesAction.swift in Sources */ = {isa = PBXBuildFile; fileRef = D4E3830D26A4EC2E00336CB3 /* PopularMoviesAction.swift */; };
		D4E3831026A4EC4A00336CB3 /* LoadableModel.swift in Sources */ = {isa = PBXBuildFile; fileRef = D4E3830F26A4EC4A00336CB3 /* LoadableModel.swift */; };
/* End PBXBuildFile section */

/* Begin PBXContainerItemProxy section */
		D44C289D269B83F70036A0F2 /* PBXContainerItemProxy */ = {
			isa = PBXContainerItemProxy;
			containerPortal = D44C2883269B83F60036A0F2 /* Project object */;
			proxyType = 1;
			remoteGlobalIDString = D44C288A269B83F60036A0F2;
			remoteInfo = "MovieDB-SwiftRedux";
		};
/* End PBXContainerItemProxy section */

/* Begin PBXFileReference section */
		D41242ED26AE1E1000206D21 /* SwiftRedux */ = {isa = PBXFileReference; lastKnownFileType = folder; name = SwiftRedux; path = ../SwiftRedux; sourceTree = "<group>"; };
		D44C288B269B83F60036A0F2 /* MovieDB-SwiftRedux.app */ = {isa = PBXFileReference; explicitFileType = wrapper.application; includeInIndex = 0; path = "MovieDB-SwiftRedux.app"; sourceTree = BUILT_PRODUCTS_DIR; };
		D44C288E269B83F60036A0F2 /* MainApp.swift */ = {isa = PBXFileReference; lastKnownFileType = sourcecode.swift; path = MainApp.swift; sourceTree = "<group>"; };
		D44C2890269B83F60036A0F2 /* FeedView.swift */ = {isa = PBXFileReference; lastKnownFileType = sourcecode.swift; path = FeedView.swift; sourceTree = "<group>"; };
		D44C2892269B83F60036A0F2 /* Assets.xcassets */ = {isa = PBXFileReference; lastKnownFileType = folder.assetcatalog; path = Assets.xcassets; sourceTree = "<group>"; };
		D44C2895269B83F60036A0F2 /* Preview Assets.xcassets */ = {isa = PBXFileReference; lastKnownFileType = folder.assetcatalog; path = "Preview Assets.xcassets"; sourceTree = "<group>"; };
		D44C2897269B83F60036A0F2 /* Info.plist */ = {isa = PBXFileReference; lastKnownFileType = text.plist.xml; path = Info.plist; sourceTree = "<group>"; };
		D44C289C269B83F70036A0F2 /* MovieDB-SwiftReduxTests.xctest */ = {isa = PBXFileReference; explicitFileType = wrapper.cfbundle; includeInIndex = 0; path = "MovieDB-SwiftReduxTests.xctest"; sourceTree = BUILT_PRODUCTS_DIR; };
		D44C28A2269B83F70036A0F2 /* Info.plist */ = {isa = PBXFileReference; lastKnownFileType = text.plist.xml; path = Info.plist; sourceTree = "<group>"; };
		D44C28BD269B85720036A0F2 /* MovieService.swift */ = {isa = PBXFileReference; lastKnownFileType = sourcecode.swift; path = MovieService.swift; sourceTree = "<group>"; };
		D44C28C0269B89260036A0F2 /* MediaType.swift */ = {isa = PBXFileReference; lastKnownFileType = sourcecode.swift; path = MediaType.swift; sourceTree = "<group>"; };
		D44C28C4269B89530036A0F2 /* GenreID.swift */ = {isa = PBXFileReference; lastKnownFileType = sourcecode.swift; path = GenreID.swift; sourceTree = "<group>"; };
		D44C28C6269B89600036A0F2 /* Movie.swift */ = {isa = PBXFileReference; lastKnownFileType = sourcecode.swift; path = Movie.swift; sourceTree = "<group>"; };
		D44C28C9269B906F0036A0F2 /* URLBuilder.swift */ = {isa = PBXFileReference; lastKnownFileType = sourcecode.swift; path = URLBuilder.swift; sourceTree = "<group>"; };
		D44C28CC269B90CE0036A0F2 /* TimeWindow.swift */ = {isa = PBXFileReference; lastKnownFileType = sourcecode.swift; path = TimeWindow.swift; sourceTree = "<group>"; };
		D44C28CF269B939B0036A0F2 /* AppState.swift */ = {isa = PBXFileReference; lastKnownFileType = sourcecode.swift; path = AppState.swift; sourceTree = "<group>"; };
		D44C28D4269B93EA0036A0F2 /* AppReducer.swift */ = {isa = PBXFileReference; lastKnownFileType = sourcecode.swift; path = AppReducer.swift; sourceTree = "<group>"; };
		D44C28D6269B94020036A0F2 /* PopularMovies.swift */ = {isa = PBXFileReference; lastKnownFileType = sourcecode.swift; path = PopularMovies.swift; sourceTree = "<group>"; };
		D4D9ECF726A76BFB0084EF2E /* PopularMoviesTests.swift */ = {isa = PBXFileReference; lastKnownFileType = sourcecode.swift; path = PopularMoviesTests.swift; sourceTree = "<group>"; };
		D4D9ED0826A8B98C0084EF2E /* MovieListView.swift */ = {isa = PBXFileReference; lastKnownFileType = sourcecode.swift; path = MovieListView.swift; sourceTree = "<group>"; };
		D4D9ED0A26A8B9F00084EF2E /* FakeMovies.swift */ = {isa = PBXFileReference; lastKnownFileType = sourcecode.swift; path = FakeMovies.swift; sourceTree = "<group>"; };
		D4D9ED0D26A8BABD0084EF2E /* MovieService+JSONDecoder.swift */ = {isa = PBXFileReference; lastKnownFileType = sourcecode.swift; path = "MovieService+JSONDecoder.swift"; sourceTree = "<group>"; };
		D4D9ED1226A8C2190084EF2E /* DateFormatter+Extensions.swift */ = {isa = PBXFileReference; lastKnownFileType = sourcecode.swift; path = "DateFormatter+Extensions.swift"; sourceTree = "<group>"; };
		D4E3830D26A4EC2E00336CB3 /* PopularMoviesAction.swift */ = {isa = PBXFileReference; lastKnownFileType = sourcecode.swift; path = PopularMoviesAction.swift; sourceTree = "<group>"; };
		D4E3830F26A4EC4A00336CB3 /* LoadableModel.swift */ = {isa = PBXFileReference; lastKnownFileType = sourcecode.swift; path = LoadableModel.swift; sourceTree = "<group>"; };
/* End PBXFileReference section */

/* Begin PBXFrameworksBuildPhase section */
		D44C2888269B83F60036A0F2 /* Frameworks */ = {
			isa = PBXFrameworksBuildPhase;
			buildActionMask = 2147483647;
			files = (
				D4D9ED1126A8BBD00084EF2E /* Kingfisher in Frameworks */,
				D41242EF26AE1E1B00206D21 /* SwiftRedux in Frameworks */,
			);
			runOnlyForDeploymentPostprocessing = 0;
		};
		D44C2899269B83F70036A0F2 /* Frameworks */ = {
			isa = PBXFrameworksBuildPhase;
			buildActionMask = 2147483647;
			files = (
			);
			runOnlyForDeploymentPostprocessing = 0;
		};
/* End PBXFrameworksBuildPhase section */

/* Begin PBXGroup section */
		D41242EC26AE1E1000206D21 /* Packages */ = {
			isa = PBXGroup;
			children = (
				D41242ED26AE1E1000206D21 /* SwiftRedux */,
			);
			name = Packages;
			sourceTree = "<group>";
		};
		D44C2882269B83F60036A0F2 = {
			isa = PBXGroup;
			children = (
				D41242EC26AE1E1000206D21 /* Packages */,
				D44C288D269B83F60036A0F2 /* MovieDB-SwiftRedux */,
				D44C289F269B83F70036A0F2 /* MovieDB-SwiftReduxTests */,
				D44C288C269B83F60036A0F2 /* Products */,
				D4C21A2D269E510000CBC058 /* Frameworks */,
			);
			sourceTree = "<group>";
		};
		D44C288C269B83F60036A0F2 /* Products */ = {
			isa = PBXGroup;
			children = (
				D44C288B269B83F60036A0F2 /* MovieDB-SwiftRedux.app */,
				D44C289C269B83F70036A0F2 /* MovieDB-SwiftReduxTests.xctest */,
			);
			name = Products;
			sourceTree = "<group>";
		};
		D44C288D269B83F60036A0F2 /* MovieDB-SwiftRedux */ = {
			isa = PBXGroup;
			children = (
				D4D9ECFF26A8B5390084EF2E /* Main */,
				D4D9ED0126A8B5960084EF2E /* Actions */,
				D4D9ED0026A8B5590084EF2E /* Reducers */,
				D4D9ED0326A8B6C00084EF2E /* Components */,
				D4D9ED0526A8B92E0084EF2E /* Screens */,
				D44C28BC269B855D0036A0F2 /* TMDB Service */,
				D4D9ECF526A76A290084EF2E /* Utilities */,
				D44C2892269B83F60036A0F2 /* Assets.xcassets */,
				D44C2897269B83F60036A0F2 /* Info.plist */,
				D44C2894269B83F60036A0F2 /* Preview Content */,
			);
			path = "MovieDB-SwiftRedux";
			sourceTree = "<group>";
		};
		D44C2894269B83F60036A0F2 /* Preview Content */ = {
			isa = PBXGroup;
			children = (
				D4D9ED0C26A8BA2C0084EF2E /* Fake Data */,
				D44C2895269B83F60036A0F2 /* Preview Assets.xcassets */,
			);
			path = "Preview Content";
			sourceTree = "<group>";
		};
		D44C289F269B83F70036A0F2 /* MovieDB-SwiftReduxTests */ = {
			isa = PBXGroup;
			children = (
				D4D9ED0426A8B8920084EF2E /* Reducers */,
				D44C28A2269B83F70036A0F2 /* Info.plist */,
			);
			path = "MovieDB-SwiftReduxTests";
			sourceTree = "<group>";
		};
		D44C28BC269B855D0036A0F2 /* TMDB Service */ = {
			isa = PBXGroup;
			children = (
				D44C28CB269B90C00036A0F2 /* Endpoint Parameters */,
				D44C28C8269B90670036A0F2 /* Utilities */,
				D44C28BF269B891D0036A0F2 /* Models */,
				D44C28BD269B85720036A0F2 /* MovieService.swift */,
				D4D9ED0D26A8BABD0084EF2E /* MovieService+JSONDecoder.swift */,
			);
			path = "TMDB Service";
			sourceTree = "<group>";
		};
		D44C28BF269B891D0036A0F2 /* Models */ = {
			isa = PBXGroup;
			children = (
				D44C28C0269B89260036A0F2 /* MediaType.swift */,
				D44C28C4269B89530036A0F2 /* GenreID.swift */,
				D44C28C6269B89600036A0F2 /* Movie.swift */,
			);
			path = Models;
			sourceTree = "<group>";
		};
		D44C28C8269B90670036A0F2 /* Utilities */ = {
			isa = PBXGroup;
			children = (
				D44C28C9269B906F0036A0F2 /* URLBuilder.swift */,
			);
			path = Utilities;
			sourceTree = "<group>";
		};
		D44C28CB269B90C00036A0F2 /* Endpoint Parameters */ = {
			isa = PBXGroup;
			children = (
				D44C28CC269B90CE0036A0F2 /* TimeWindow.swift */,
			);
			path = "Endpoint Parameters";
			sourceTree = "<group>";
		};
		D4C21A2D269E510000CBC058 /* Frameworks */ = {
			isa = PBXGroup;
			children = (
			);
			name = Frameworks;
			sourceTree = "<group>";
		};
		D4D9ECF526A76A290084EF2E /* Utilities */ = {
			isa = PBXGroup;
			children = (
				D4E3830F26A4EC4A00336CB3 /* LoadableModel.swift */,
				D4D9ED1226A8C2190084EF2E /* DateFormatter+Extensions.swift */,
			);
			path = Utilities;
			sourceTree = "<group>";
		};
		D4D9ECFF26A8B5390084EF2E /* Main */ = {
			isa = PBXGroup;
			children = (
				D44C28CF269B939B0036A0F2 /* AppState.swift */,
				D44C28D4269B93EA0036A0F2 /* AppReducer.swift */,
				D44C288E269B83F60036A0F2 /* MainApp.swift */,
			);
			path = Main;
			sourceTree = "<group>";
		};
		D4D9ED0026A8B5590084EF2E /* Reducers */ = {
			isa = PBXGroup;
			children = (
				D44C28D6269B94020036A0F2 /* PopularMovies.swift */,
			);
			path = Reducers;
			sourceTree = "<group>";
		};
		D4D9ED0126A8B5960084EF2E /* Actions */ = {
			isa = PBXGroup;
			children = (
				D4E3830D26A4EC2E00336CB3 /* PopularMoviesAction.swift */,
			);
			path = Actions;
			sourceTree = "<group>";
		};
		D4D9ED0326A8B6C00084EF2E /* Components */ = {
			isa = PBXGroup;
			children = (
				D4D9ED0826A8B98C0084EF2E /* MovieListView.swift */,
			);
			path = Components;
			sourceTree = "<group>";
		};
		D4D9ED0426A8B8920084EF2E /* Reducers */ = {
			isa = PBXGroup;
			children = (
				D4D9ECF726A76BFB0084EF2E /* PopularMoviesTests.swift */,
			);
			path = Reducers;
			sourceTree = "<group>";
		};
		D4D9ED0526A8B92E0084EF2E /* Screens */ = {
			isa = PBXGroup;
			children = (
				D44C2890269B83F60036A0F2 /* FeedView.swift */,
			);
			path = Screens;
			sourceTree = "<group>";
		};
		D4D9ED0C26A8BA2C0084EF2E /* Fake Data */ = {
			isa = PBXGroup;
			children = (
				D4D9ED0A26A8B9F00084EF2E /* FakeMovies.swift */,
			);
			path = "Fake Data";
			sourceTree = "<group>";
		};
/* End PBXGroup section */

/* Begin PBXNativeTarget section */
		D44C288A269B83F60036A0F2 /* MovieDB-SwiftRedux */ = {
			isa = PBXNativeTarget;
			buildConfigurationList = D44C28B0269B83F70036A0F2 /* Build configuration list for PBXNativeTarget "MovieDB-SwiftRedux" */;
			buildPhases = (
				D44C2887269B83F60036A0F2 /* Sources */,
				D44C2888269B83F60036A0F2 /* Frameworks */,
				D44C2889269B83F60036A0F2 /* Resources */,
			);
			buildRules = (
			);
			dependencies = (
			);
			name = "MovieDB-SwiftRedux";
			packageProductDependencies = (
				D4D9ED1026A8BBD00084EF2E /* Kingfisher */,
				D41242EE26AE1E1B00206D21 /* SwiftRedux */,
			);
			productName = "MovieDB-SwiftRedux";
			productReference = D44C288B269B83F60036A0F2 /* MovieDB-SwiftRedux.app */;
			productType = "com.apple.product-type.application";
		};
		D44C289B269B83F70036A0F2 /* MovieDB-SwiftReduxTests */ = {
			isa = PBXNativeTarget;
			buildConfigurationList = D44C28B3269B83F70036A0F2 /* Build configuration list for PBXNativeTarget "MovieDB-SwiftReduxTests" */;
			buildPhases = (
				D44C2898269B83F70036A0F2 /* Sources */,
				D44C2899269B83F70036A0F2 /* Frameworks */,
				D44C289A269B83F70036A0F2 /* Resources */,
			);
			buildRules = (
			);
			dependencies = (
				D44C289E269B83F70036A0F2 /* PBXTargetDependency */,
			);
			name = "MovieDB-SwiftReduxTests";
			productName = "MovieDB-SwiftReduxTests";
			productReference = D44C289C269B83F70036A0F2 /* MovieDB-SwiftReduxTests.xctest */;
			productType = "com.apple.product-type.bundle.unit-test";
		};
/* End PBXNativeTarget section */

/* Begin PBXProject section */
		D44C2883269B83F60036A0F2 /* Project object */ = {
			isa = PBXProject;
			attributes = {
				LastSwiftUpdateCheck = 1250;
				LastUpgradeCheck = 1250;
				TargetAttributes = {
					D44C288A269B83F60036A0F2 = {
						CreatedOnToolsVersion = 12.5;
					};
					D44C289B269B83F70036A0F2 = {
						CreatedOnToolsVersion = 12.5;
						TestTargetID = D44C288A269B83F60036A0F2;
					};
				};
			};
			buildConfigurationList = D44C2886269B83F60036A0F2 /* Build configuration list for PBXProject "MovieDB-SwiftRedux" */;
			compatibilityVersion = "Xcode 9.3";
			developmentRegion = en;
			hasScannedForEncodings = 0;
			knownRegions = (
				en,
				Base,
			);
			mainGroup = D44C2882269B83F60036A0F2;
			packageReferences = (
				D4D9ED0F26A8BBD00084EF2E /* XCRemoteSwiftPackageReference "Kingfisher" */,
			);
			productRefGroup = D44C288C269B83F60036A0F2 /* Products */;
			projectDirPath = "";
			projectRoot = "";
			targets = (
				D44C288A269B83F60036A0F2 /* MovieDB-SwiftRedux */,
				D44C289B269B83F70036A0F2 /* MovieDB-SwiftReduxTests */,
			);
		};
/* End PBXProject section */

/* Begin PBXResourcesBuildPhase section */
		D44C2889269B83F60036A0F2 /* Resources */ = {
			isa = PBXResourcesBuildPhase;
			buildActionMask = 2147483647;
			files = (
				D44C2896269B83F60036A0F2 /* Preview Assets.xcassets in Resources */,
				D44C2893269B83F60036A0F2 /* Assets.xcassets in Resources */,
			);
			runOnlyForDeploymentPostprocessing = 0;
		};
		D44C289A269B83F70036A0F2 /* Resources */ = {
			isa = PBXResourcesBuildPhase;
			buildActionMask = 2147483647;
			files = (
			);
			runOnlyForDeploymentPostprocessing = 0;
		};
/* End PBXResourcesBuildPhase section */

/* Begin PBXSourcesBuildPhase section */
		D44C2887269B83F60036A0F2 /* Sources */ = {
			isa = PBXSourcesBuildPhase;
			buildActionMask = 2147483647;
			files = (
				D44C28C5269B89530036A0F2 /* GenreID.swift in Sources */,
				D4D9ED0926A8B98C0084EF2E /* MovieListView.swift in Sources */,
				D44C28CA269B906F0036A0F2 /* URLBuilder.swift in Sources */,
				D44C28CD269B90CE0036A0F2 /* TimeWindow.swift in Sources */,
				D44C28D0269B939B0036A0F2 /* AppState.swift in Sources */,
				D4D9ED0E26A8BABD0084EF2E /* MovieService+JSONDecoder.swift in Sources */,
				D44C28C1269B89260036A0F2 /* MediaType.swift in Sources */,
				D44C28C7269B89600036A0F2 /* Movie.swift in Sources */,
				D44C28BE269B85720036A0F2 /* MovieService.swift in Sources */,
				D44C2891269B83F60036A0F2 /* FeedView.swift in Sources */,
				D4E3831026A4EC4A00336CB3 /* LoadableModel.swift in Sources */,
				D4E3830E26A4EC2E00336CB3 /* PopularMoviesAction.swift in Sources */,
				D44C288F269B83F60036A0F2 /* MainApp.swift in Sources */,
				D4D9ED0B26A8B9F00084EF2E /* FakeMovies.swift in Sources */,
				D44C28D7269B94020036A0F2 /* PopularMovies.swift in Sources */,
				D44C28D5269B93EA0036A0F2 /* AppReducer.swift in Sources */,
				D4D9ED1326A8C2190084EF2E /* DateFormatter+Extensions.swift in Sources */,
			);
			runOnlyForDeploymentPostprocessing = 0;
		};
		D44C2898269B83F70036A0F2 /* Sources */ = {
			isa = PBXSourcesBuildPhase;
			buildActionMask = 2147483647;
			files = (
				D4D9ECF826A76BFB0084EF2E /* PopularMoviesTests.swift in Sources */,
			);
			runOnlyForDeploymentPostprocessing = 0;
		};
/* End PBXSourcesBuildPhase section */

/* Begin PBXTargetDependency section */
		D44C289E269B83F70036A0F2 /* PBXTargetDependency */ = {
			isa = PBXTargetDependency;
			target = D44C288A269B83F60036A0F2 /* MovieDB-SwiftRedux */;
			targetProxy = D44C289D269B83F70036A0F2 /* PBXContainerItemProxy */;
		};
/* End PBXTargetDependency section */

/* Begin XCBuildConfiguration section */
		D44C28AE269B83F70036A0F2 /* Debug */ = {
			isa = XCBuildConfiguration;
			buildSettings = {
				ALWAYS_SEARCH_USER_PATHS = NO;
				CLANG_ANALYZER_NONNULL = YES;
				CLANG_ANALYZER_NUMBER_OBJECT_CONVERSION = YES_AGGRESSIVE;
				CLANG_CXX_LANGUAGE_STANDARD = "gnu++14";
				CLANG_CXX_LIBRARY = "libc++";
				CLANG_ENABLE_MODULES = YES;
				CLANG_ENABLE_OBJC_ARC = YES;
				CLANG_ENABLE_OBJC_WEAK = YES;
				CLANG_WARN_BLOCK_CAPTURE_AUTORELEASING = YES;
				CLANG_WARN_BOOL_CONVERSION = YES;
				CLANG_WARN_COMMA = YES;
				CLANG_WARN_CONSTANT_CONVERSION = YES;
				CLANG_WARN_DEPRECATED_OBJC_IMPLEMENTATIONS = YES;
				CLANG_WARN_DIRECT_OBJC_ISA_USAGE = YES_ERROR;
				CLANG_WARN_DOCUMENTATION_COMMENTS = YES;
				CLANG_WARN_EMPTY_BODY = YES;
				CLANG_WARN_ENUM_CONVERSION = YES;
				CLANG_WARN_INFINITE_RECURSION = YES;
				CLANG_WARN_INT_CONVERSION = YES;
				CLANG_WARN_NON_LITERAL_NULL_CONVERSION = YES;
				CLANG_WARN_OBJC_IMPLICIT_RETAIN_SELF = YES;
				CLANG_WARN_OBJC_LITERAL_CONVERSION = YES;
				CLANG_WARN_OBJC_ROOT_CLASS = YES_ERROR;
				CLANG_WARN_QUOTED_INCLUDE_IN_FRAMEWORK_HEADER = YES;
				CLANG_WARN_RANGE_LOOP_ANALYSIS = YES;
				CLANG_WARN_STRICT_PROTOTYPES = YES;
				CLANG_WARN_SUSPICIOUS_MOVE = YES;
				CLANG_WARN_UNGUARDED_AVAILABILITY = YES_AGGRESSIVE;
				CLANG_WARN_UNREACHABLE_CODE = YES;
				CLANG_WARN__DUPLICATE_METHOD_MATCH = YES;
				COPY_PHASE_STRIP = NO;
				DEBUG_INFORMATION_FORMAT = dwarf;
				ENABLE_STRICT_OBJC_MSGSEND = YES;
				ENABLE_TESTABILITY = YES;
				GCC_C_LANGUAGE_STANDARD = gnu11;
				GCC_DYNAMIC_NO_PIC = NO;
				GCC_NO_COMMON_BLOCKS = YES;
				GCC_OPTIMIZATION_LEVEL = 0;
				GCC_PREPROCESSOR_DEFINITIONS = (
					"DEBUG=1",
					"$(inherited)",
				);
				GCC_WARN_64_TO_32_BIT_CONVERSION = YES;
				GCC_WARN_ABOUT_RETURN_TYPE = YES_ERROR;
				GCC_WARN_UNDECLARED_SELECTOR = YES;
				GCC_WARN_UNINITIALIZED_AUTOS = YES_AGGRESSIVE;
				GCC_WARN_UNUSED_FUNCTION = YES;
				GCC_WARN_UNUSED_VARIABLE = YES;
				IPHONEOS_DEPLOYMENT_TARGET = 14.5;
				MTL_ENABLE_DEBUG_INFO = INCLUDE_SOURCE;
				MTL_FAST_MATH = YES;
				ONLY_ACTIVE_ARCH = YES;
				SDKROOT = iphoneos;
				SWIFT_ACTIVE_COMPILATION_CONDITIONS = DEBUG;
				SWIFT_OPTIMIZATION_LEVEL = "-Onone";
			};
			name = Debug;
		};
		D44C28AF269B83F70036A0F2 /* Release */ = {
			isa = XCBuildConfiguration;
			buildSettings = {
				ALWAYS_SEARCH_USER_PATHS = NO;
				CLANG_ANALYZER_NONNULL = YES;
				CLANG_ANALYZER_NUMBER_OBJECT_CONVERSION = YES_AGGRESSIVE;
				CLANG_CXX_LANGUAGE_STANDARD = "gnu++14";
				CLANG_CXX_LIBRARY = "libc++";
				CLANG_ENABLE_MODULES = YES;
				CLANG_ENABLE_OBJC_ARC = YES;
				CLANG_ENABLE_OBJC_WEAK = YES;
				CLANG_WARN_BLOCK_CAPTURE_AUTORELEASING = YES;
				CLANG_WARN_BOOL_CONVERSION = YES;
				CLANG_WARN_COMMA = YES;
				CLANG_WARN_CONSTANT_CONVERSION = YES;
				CLANG_WARN_DEPRECATED_OBJC_IMPLEMENTATIONS = YES;
				CLANG_WARN_DIRECT_OBJC_ISA_USAGE = YES_ERROR;
				CLANG_WARN_DOCUMENTATION_COMMENTS = YES;
				CLANG_WARN_EMPTY_BODY = YES;
				CLANG_WARN_ENUM_CONVERSION = YES;
				CLANG_WARN_INFINITE_RECURSION = YES;
				CLANG_WARN_INT_CONVERSION = YES;
				CLANG_WARN_NON_LITERAL_NULL_CONVERSION = YES;
				CLANG_WARN_OBJC_IMPLICIT_RETAIN_SELF = YES;
				CLANG_WARN_OBJC_LITERAL_CONVERSION = YES;
				CLANG_WARN_OBJC_ROOT_CLASS = YES_ERROR;
				CLANG_WARN_QUOTED_INCLUDE_IN_FRAMEWORK_HEADER = YES;
				CLANG_WARN_RANGE_LOOP_ANALYSIS = YES;
				CLANG_WARN_STRICT_PROTOTYPES = YES;
				CLANG_WARN_SUSPICIOUS_MOVE = YES;
				CLANG_WARN_UNGUARDED_AVAILABILITY = YES_AGGRESSIVE;
				CLANG_WARN_UNREACHABLE_CODE = YES;
				CLANG_WARN__DUPLICATE_METHOD_MATCH = YES;
				COPY_PHASE_STRIP = NO;
				DEBUG_INFORMATION_FORMAT = "dwarf-with-dsym";
				ENABLE_NS_ASSERTIONS = NO;
				ENABLE_STRICT_OBJC_MSGSEND = YES;
				GCC_C_LANGUAGE_STANDARD = gnu11;
				GCC_NO_COMMON_BLOCKS = YES;
				GCC_WARN_64_TO_32_BIT_CONVERSION = YES;
				GCC_WARN_ABOUT_RETURN_TYPE = YES_ERROR;
				GCC_WARN_UNDECLARED_SELECTOR = YES;
				GCC_WARN_UNINITIALIZED_AUTOS = YES_AGGRESSIVE;
				GCC_WARN_UNUSED_FUNCTION = YES;
				GCC_WARN_UNUSED_VARIABLE = YES;
				IPHONEOS_DEPLOYMENT_TARGET = 14.5;
				MTL_ENABLE_DEBUG_INFO = NO;
				MTL_FAST_MATH = YES;
				SDKROOT = iphoneos;
				SWIFT_COMPILATION_MODE = wholemodule;
				SWIFT_OPTIMIZATION_LEVEL = "-O";
				VALIDATE_PRODUCT = YES;
			};
			name = Release;
		};
		D44C28B1269B83F70036A0F2 /* Debug */ = {
			isa = XCBuildConfiguration;
			buildSettings = {
				ASSETCATALOG_COMPILER_APPICON_NAME = AppIcon;
				ASSETCATALOG_COMPILER_GLOBAL_ACCENT_COLOR_NAME = AccentColor;
				CODE_SIGN_STYLE = Automatic;
				DEVELOPMENT_ASSET_PATHS = "\"MovieDB-SwiftRedux/Preview Content\"";
				DEVELOPMENT_TEAM = HGYG7SB23F;
				ENABLE_PREVIEWS = YES;
				INFOPLIST_FILE = "MovieDB-SwiftRedux/Info.plist";
				IPHONEOS_DEPLOYMENT_TARGET = 14.0;
				LD_RUNPATH_SEARCH_PATHS = (
					"$(inherited)",
					"@executable_path/Frameworks",
				);
				PRODUCT_BUNDLE_IDENTIFIER = "com.lucaslima.MovieDB-SwiftRedux";
				PRODUCT_NAME = "$(TARGET_NAME)";
				SWIFT_VERSION = 5.0;
				TARGETED_DEVICE_FAMILY = "1,2";
			};
			name = Debug;
		};
		D44C28B2269B83F70036A0F2 /* Release */ = {
			isa = XCBuildConfiguration;
			buildSettings = {
				ASSETCATALOG_COMPILER_APPICON_NAME = AppIcon;
				ASSETCATALOG_COMPILER_GLOBAL_ACCENT_COLOR_NAME = AccentColor;
				CODE_SIGN_STYLE = Automatic;
				DEVELOPMENT_ASSET_PATHS = "\"MovieDB-SwiftRedux/Preview Content\"";
				DEVELOPMENT_TEAM = HGYG7SB23F;
				ENABLE_PREVIEWS = YES;
				INFOPLIST_FILE = "MovieDB-SwiftRedux/Info.plist";
				IPHONEOS_DEPLOYMENT_TARGET = 14.0;
				LD_RUNPATH_SEARCH_PATHS = (
					"$(inherited)",
					"@executable_path/Frameworks",
				);
				PRODUCT_BUNDLE_IDENTIFIER = "com.lucaslima.MovieDB-SwiftRedux";
				PRODUCT_NAME = "$(TARGET_NAME)";
				SWIFT_VERSION = 5.0;
				TARGETED_DEVICE_FAMILY = "1,2";
			};
			name = Release;
		};
		D44C28B4269B83F70036A0F2 /* Debug */ = {
			isa = XCBuildConfiguration;
			buildSettings = {
				ALWAYS_EMBED_SWIFT_STANDARD_LIBRARIES = YES;
				BUNDLE_LOADER = "$(TEST_HOST)";
				CODE_SIGN_STYLE = Automatic;
				INFOPLIST_FILE = "MovieDB-SwiftReduxTests/Info.plist";
				IPHONEOS_DEPLOYMENT_TARGET = 14.0;
				LD_RUNPATH_SEARCH_PATHS = (
					"$(inherited)",
					"@executable_path/Frameworks",
					"@loader_path/Frameworks",
				);
				PRODUCT_BUNDLE_IDENTIFIER = "com.lucaslima.MovieDB-SwiftReduxTests";
				PRODUCT_NAME = "$(TARGET_NAME)";
				SWIFT_VERSION = 5.0;
				TARGETED_DEVICE_FAMILY = "1,2";
				TEST_HOST = "$(BUILT_PRODUCTS_DIR)/MovieDB-SwiftRedux.app/MovieDB-SwiftRedux";
			};
			name = Debug;
		};
		D44C28B5269B83F70036A0F2 /* Release */ = {
			isa = XCBuildConfiguration;
			buildSettings = {
				ALWAYS_EMBED_SWIFT_STANDARD_LIBRARIES = YES;
				BUNDLE_LOADER = "$(TEST_HOST)";
				CODE_SIGN_STYLE = Automatic;
				INFOPLIST_FILE = "MovieDB-SwiftReduxTests/Info.plist";
				IPHONEOS_DEPLOYMENT_TARGET = 14.0;
				LD_RUNPATH_SEARCH_PATHS = (
					"$(inherited)",
					"@executable_path/Frameworks",
					"@loader_path/Frameworks",
				);
				PRODUCT_BUNDLE_IDENTIFIER = "com.lucaslima.MovieDB-SwiftReduxTests";
				PRODUCT_NAME = "$(TARGET_NAME)";
				SWIFT_VERSION = 5.0;
				TARGETED_DEVICE_FAMILY = "1,2";
				TEST_HOST = "$(BUILT_PRODUCTS_DIR)/MovieDB-SwiftRedux.app/MovieDB-SwiftRedux";
			};
			name = Release;
		};
/* End XCBuildConfiguration section */

/* Begin XCConfigurationList section */
		D44C2886269B83F60036A0F2 /* Build configuration list for PBXProject "MovieDB-SwiftRedux" */ = {
			isa = XCConfigurationList;
			buildConfigurations = (
				D44C28AE269B83F70036A0F2 /* Debug */,
				D44C28AF269B83F70036A0F2 /* Release */,
			);
			defaultConfigurationIsVisible = 0;
			defaultConfigurationName = Release;
		};
		D44C28B0269B83F70036A0F2 /* Build configuration list for PBXNativeTarget "MovieDB-SwiftRedux" */ = {
			isa = XCConfigurationList;
			buildConfigurations = (
				D44C28B1269B83F70036A0F2 /* Debug */,
				D44C28B2269B83F70036A0F2 /* Release */,
			);
			defaultConfigurationIsVisible = 0;
			defaultConfigurationName = Release;
		};
		D44C28B3269B83F70036A0F2 /* Build configuration list for PBXNativeTarget "MovieDB-SwiftReduxTests" */ = {
			isa = XCConfigurationList;
			buildConfigurations = (
				D44C28B4269B83F70036A0F2 /* Debug */,
				D44C28B5269B83F70036A0F2 /* Release */,
			);
			defaultConfigurationIsVisible = 0;
			defaultConfigurationName = Release;
		};
/* End XCConfigurationList section */

/* Begin XCRemoteSwiftPackageReference section */
		D4D9ED0F26A8BBD00084EF2E /* XCRemoteSwiftPackageReference "Kingfisher" */ = {
			isa = XCRemoteSwiftPackageReference;
			repositoryURL = "https://github.com/onevcat/Kingfisher";
			requirement = {
				kind = upToNextMajorVersion;
				minimumVersion = 6.0.0;
			};
		};
/* End XCRemoteSwiftPackageReference section */

/* Begin XCSwiftPackageProductDependency section */
		D41242EE26AE1E1B00206D21 /* SwiftRedux */ = {
			isa = XCSwiftPackageProductDependency;
			productName = SwiftRedux;
		};
		D4D9ED1026A8BBD00084EF2E /* Kingfisher */ = {
			isa = XCSwiftPackageProductDependency;
			package = D4D9ED0F26A8BBD00084EF2E /* XCRemoteSwiftPackageReference "Kingfisher" */;
			productName = Kingfisher;
		};
/* End XCSwiftPackageProductDependency section */
	};
	rootObject = D44C2883269B83F60036A0F2 /* Project object */;
}
